schema: '2.0'
stages:
  load_data:
    cmd: python .\src\load_data.py --config=params.yaml
    deps:
    - path: .\data_given\winequality.csv
      md5: ccc8d3507eb151f53f760d36abdef888
      size: 91998
    - path: .\src\get_data.py
      md5: 4791af354f55a320198141327ea59595
      size: 712
    - path: .\src\load_data.py
      md5: f0a595f38c602499ca1402546c01c31b
      size: 848
    outs:
    - path: .\data\raw\winequality.csv
      md5: d98e8f2eca228c11c4de1cc96866a54d
      size: 93598
  split_data:
    cmd: python .\src\split_data.py --config=params.yaml
    deps:
    - path: .\data\raw\winequality.csv
      md5: d98e8f2eca228c11c4de1cc96866a54d
      size: 93598
    - path: .\src\split_data.py
      md5: 250bd4312bc3375c84bfee479c5e58c0
      size: 1138
    outs:
    - path: .\data\processed\test_winequality.csv
      md5: 01718da3bd6e206060ed00667ca1a389
      size: 18831
    - path: .\data\processed\train_winequality.csv
      md5: 4bccf4d668cdc60115de42ba74d416ab
      size: 74913
  train_and_evaluate:
    cmd: python .\src\train_and_evaluate.py --config=params.yaml
    deps:
    - path: .\data\processed\test_winequality.csv
      md5: 01718da3bd6e206060ed00667ca1a389
      size: 18831
    - path: .\data\processed\train_winequality.csv
      md5: 4bccf4d668cdc60115de42ba74d416ab
      size: 74913
    - path: .\src\train_and_evaluate.py
      md5: 546e0fc0a043db0b0c2d7e12d9791bbf
      size: 2778
    params:
      params.yaml:
        estimators.ElasticNet.params.alpha: 0.9
        estimators.ElasticNet.params.l1_ratio: 0.91
    outs:
    - path: .\report\params.json
      md5: 5a76a0365e9be45c6629f45cad20cc13
      size: 45
    - path: .\report\scores.json
      md5: 246ca78f0374e8ccdf718045704fcf2e
      size: 101
    - path: .\saved_models\model.joblib
      md5: 28c498dc6571e94442bca8a6839da9b2
      size: 1227
